
Microsoft Visual Studio Solution File, Format Version 12.00
# Visual Studio Version 17
VisualStudioVersion = 17.2.32616.157
MinimumVisualStudioVersion = 10.0.40219.1
Project("{FAE04EC0-301F-11D3-BF4B-00C04F79EFBC}") = "PhotographyWorld.Server", "PhotographyWorld.Server\PhotographyWorld.Server.csproj", "{1779FBA3-0B71-4B90-B124-47EB94BC7E4E}"
EndProject
Project("{FAE04EC0-301F-11D3-BF4B-00C04F79EFBC}") = "PhotographyWorld.Services", "PhotographyWorld.Services\PhotographyWorld.Services.csproj", "{5D48C1FA-05E4-4744-B08D-A3E69897540E}"
EndProject
Project("{FAE04EC0-301F-11D3-BF4B-00C04F79EFBC}") = "PhotographyWorld.Data", "PhotographyWorld.Data\PhotographyWorld.Data.csproj", "{073B49D8-7E9C-40BA-8884-224490E6E8EF}"
EndProject
Global
	GlobalSection(SolutionConfigurationPlatforms) = preSolution
		Debug|Any CPU = Debug|Any CPU
		Release|Any CPU = Release|Any CPU
	EndGlobalSection
	GlobalSection(ProjectConfigurationPlatforms) = postSolution
		{1779FBA3-0B71-4B90-B124-47EB94BC7E4E}.Debug|Any CPU.ActiveCfg = Debug|Any CPU
		{1779FBA3-0B71-4B90-B124-47EB94BC7E4E}.Debug|Any CPU.Build.0 = Debug|Any CPU
		{1779FBA3-0B71-4B90-B124-47EB94BC7E4E}.Release|Any CPU.ActiveCfg = Release|Any CPU
		{1779FBA3-0B71-4B90-B124-47EB94BC7E4E}.Release|Any CPU.Build.0 = Release|Any CPU
		{5D48C1FA-05E4-4744-B08D-A3E69897540E}.Debug|Any CPU.ActiveCfg = Debug|Any CPU
		{5D48C1FA-05E4-4744-B08D-A3E69897540E}.Debug|Any CPU.Build.0 = Debug|Any CPU
		{5D48C1FA-05E4-4744-B08D-A3E69897540E}.Release|Any CPU.ActiveCfg = Release|Any CPU
		{5D48C1FA-05E4-4744-B08D-A3E69897540E}.Release|Any CPU.Build.0 = Release|Any CPU
		{073B49D8-7E9C-40BA-8884-224490E6E8EF}.Debug|Any CPU.ActiveCfg = Debug|Any CPU
		{073B49D8-7E9C-40BA-8884-224490E6E8EF}.Debug|Any CPU.Build.0 = Debug|Any CPU
		{073B49D8-7E9C-40BA-8884-224490E6E8EF}.Release|Any CPU.ActiveCfg = Release|Any CPU
		{073B49D8-7E9C-40BA-8884-224490E6E8EF}.Release|Any CPU.Build.0 = Release|Any CPU
	EndGlobalSection
	GlobalSection(SolutionProperties) = preSolution
		HideSolutionNode = FALSE
	EndGlobalSection
	GlobalSection(ExtensibilityGlobals) = postSolution
		SolutionGuid = {13A2762F-EFA6-42E6-9FEC-12160E3B7C32}
	EndGlobalSection
EndGlobal
